Microsoft Visual Studio Solution File, Format Version 11.00
# Visual Studio 2008

Project("{902E78DE-24D0-6F86-4D79-B3F878DAA03E}") = "unity_test_nodejs", "Assembly-UnityScript.unityproj", "{C7DF230D-663B-F3E2-E099-5587328FB6FC}"
EndProject
Global
	GlobalSection(SolutionConfigurationPlatforms) = preSolution
		Debug|Any CPU = Debug|Any CPU
		Release|Any CPU = Release|Any CPU
	EndGlobalSection
	GlobalSection(ProjectConfigurationPlatforms) = postSolution
		{C7DF230D-663B-F3E2-E099-5587328FB6FC}.Debug|Any CPU.ActiveCfg = Debug|Any CPU
		{C7DF230D-663B-F3E2-E099-5587328FB6FC}.Debug|Any CPU.Build.0 = Debug|Any CPU
		{C7DF230D-663B-F3E2-E099-5587328FB6FC}.Release|Any CPU.ActiveCfg = Release|Any CPU
		{C7DF230D-663B-F3E2-E099-5587328FB6FC}.Release|Any CPU.Build.0 = Release|Any CPU
	EndGlobalSection
	GlobalSection(SolutionProperties) = preSolution
		HideSolutionNode = FALSE
	EndGlobalSection
						GlobalSection(MonoDevelopProperties) = preSolution
		StartupItem = Assembly-CSharp.csproj
		Policies = $0
		$0.TextStylePolicy = $1
		$1.inheritsSet = null
		$1.scope = text/x-csharp
		$0.CSharpFormattingPolicy = $2
		$2.inheritsSet = Mono
		$2.inheritsScope = text/x-csharp
		$2.scope = text/x-csharp
		$0.TextStylePolicy = $3
		$3.FileWidth = 120
		$3.TabWidth = 4
		$3.EolMarker = Unix
		$3.inheritsSet = Mono
		$3.inheritsScope = text/plain
		$3.scope = text/plain
	EndGlobalSection

EndGlobal
